
Microsoft Visual Studio Solution File, Format Version 12.00
# Visual Studio Version 16
VisualStudioVersion = 16.0.29519.181
MinimumVisualStudioVersion = 10.0.40219.1
Project("{FAE04EC0-301F-11D3-BF4B-00C04F79EFBC}") = "Database", "Database\Database.csproj", "{CC742A53-D5EA-4ABF-88CD-C041499FF183}"
EndProject
Global
	GlobalSection(SolutionConfigurationPlatforms) = preSolution
		Debug|Any CPU = Debug|Any CPU
		Release|Any CPU = Release|Any CPU
	EndGlobalSection
	GlobalSection(ProjectConfigurationPlatforms) = postSolution
		{CC742A53-D5EA-4ABF-88CD-C041499FF183}.Debug|Any CPU.ActiveCfg = Debug|Any CPU
		{CC742A53-D5EA-4ABF-88CD-C041499FF183}.Debug|Any CPU.Build.0 = Debug|Any CPU
		{CC742A53-D5EA-4ABF-88CD-C041499FF183}.Release|Any CPU.ActiveCfg = Release|Any CPU
		{CC742A53-D5EA-4ABF-88CD-C041499FF183}.Release|Any CPU.Build.0 = Release|Any CPU
	EndGlobalSection
	GlobalSection(SolutionProperties) = preSolution
		HideSolutionNode = FALSE
	EndGlobalSection
	GlobalSection(ExtensibilityGlobals) = postSolution
		SolutionGuid = {FA9D591F-B494-4122-84F9-AC0E80FCF1B4}
	EndGlobalSection
EndGlobal
